// !$*UTF8*$!
{
	archiveVersion = 1;
	classes = {
	};
	objectVersion = 51;
	objects = {

/* Begin PBXBuildFile section */
		1122C5D0258545F8003AAA78 /* AppDelegate.swift in Sources */ = {isa = PBXBuildFile; fileRef = 1122C5CF258545F8003AAA78 /* AppDelegate.swift */; };
		1122C5D2258545F8003AAA78 /* SceneDelegate.swift in Sources */ = {isa = PBXBuildFile; fileRef = 1122C5D1258545F8003AAA78 /* SceneDelegate.swift */; };
		1122C5D4258545F8003AAA78 /* ViewController.swift in Sources */ = {isa = PBXBuildFile; fileRef = 1122C5D3258545F8003AAA78 /* ViewController.swift */; };
		1122C5D7258545F8003AAA78 /* Main.storyboard in Resources */ = {isa = PBXBuildFile; fileRef = 1122C5D5258545F8003AAA78 /* Main.storyboard */; };
		1122C5D9258545FA003AAA78 /* Assets.xcassets in Resources */ = {isa = PBXBuildFile; fileRef = 1122C5D8258545FA003AAA78 /* Assets.xcassets */; };
		1122C5DC258545FA003AAA78 /* LaunchScreen.storyboard in Resources */ = {isa = PBXBuildFile; fileRef = 1122C5DA258545FA003AAA78 /* LaunchScreen.storyboard */; };
		11747566258597360054945C /* MessageCell.xib in Resources */ = {isa = PBXBuildFile; fileRef = 11747565258597360054945C /* MessageCell.xib */; };
		1174756C258597B10054945C /* MessageCell.swift in Sources */ = {isa = PBXBuildFile; fileRef = 1174756B258597B10054945C /* MessageCell.swift */; };
		1174756F258598530054945C /* Message.swift in Sources */ = {isa = PBXBuildFile; fileRef = 1174756E258598530054945C /* Message.swift */; };
		11A024222585D673003B4F6F /* RecipeIngredients.swift in Sources */ = {isa = PBXBuildFile; fileRef = 11A024212585D673003B4F6F /* RecipeIngredients.swift */; };
		720281483D1F8DE845BB48DB /* Pods_RecipeFinder.framework in Frameworks */ = {isa = PBXBuildFile; fileRef = CA27C55B04DFB19260CA8B2C /* Pods_RecipeFinder.framework */; };
/* End PBXBuildFile section */

/* Begin PBXFileReference section */
		1122C5CC258545F8003AAA78 /* RecipeFinder.app */ = {isa = PBXFileReference; explicitFileType = wrapper.application; includeInIndex = 0; path = RecipeFinder.app; sourceTree = BUILT_PRODUCTS_DIR; };
		1122C5CF258545F8003AAA78 /* AppDelegate.swift */ = {isa = PBXFileReference; lastKnownFileType = sourcecode.swift; path = AppDelegate.swift; sourceTree = "<group>"; };
		1122C5D1258545F8003AAA78 /* SceneDelegate.swift */ = {isa = PBXFileReference; lastKnownFileType = sourcecode.swift; path = SceneDelegate.swift; sourceTree = "<group>"; };
		1122C5D3258545F8003AAA78 /* ViewController.swift */ = {isa = PBXFileReference; lastKnownFileType = sourcecode.swift; path = ViewController.swift; sourceTree = "<group>"; };
		1122C5D6258545F8003AAA78 /* Base */ = {isa = PBXFileReference; lastKnownFileType = file.storyboard; name = Base; path = Base.lproj/Main.storyboard; sourceTree = "<group>"; };
		1122C5D8258545FA003AAA78 /* Assets.xcassets */ = {isa = PBXFileReference; lastKnownFileType = folder.assetcatalog; path = Assets.xcassets; sourceTree = "<group>"; };
		1122C5DB258545FA003AAA78 /* Base */ = {isa = PBXFileReference; lastKnownFileType = file.storyboard; name = Base; path = Base.lproj/LaunchScreen.storyboard; sourceTree = "<group>"; };
		1122C5DD258545FA003AAA78 /* Info.plist */ = {isa = PBXFileReference; lastKnownFileType = text.plist.xml; path = Info.plist; sourceTree = "<group>"; };
		11747565258597360054945C /* MessageCell.xib */ = {isa = PBXFileReference; fileEncoding = 4; lastKnownFileType = file.xib; path = MessageCell.xib; sourceTree = "<group>"; };
		1174756B258597B10054945C /* MessageCell.swift */ = {isa = PBXFileReference; fileEncoding = 4; lastKnownFileType = sourcecode.swift; path = MessageCell.swift; sourceTree = "<group>"; };
		1174756E258598530054945C /* Message.swift */ = {isa = PBXFileReference; fileEncoding = 4; lastKnownFileType = sourcecode.swift; path = Message.swift; sourceTree = "<group>"; };
		11A024212585D673003B4F6F /* RecipeIngredients.swift */ = {isa = PBXFileReference; lastKnownFileType = sourcecode.swift; path = RecipeIngredients.swift; sourceTree = "<group>"; };
		682643BA6B64E172F496349D /* Pods-RecipeFinder.debug.xcconfig */ = {isa = PBXFileReference; includeInIndex = 1; lastKnownFileType = text.xcconfig; name = "Pods-RecipeFinder.debug.xcconfig"; path = "Target Support Files/Pods-RecipeFinder/Pods-RecipeFinder.debug.xcconfig"; sourceTree = "<group>"; };
		CA27C55B04DFB19260CA8B2C /* Pods_RecipeFinder.framework */ = {isa = PBXFileReference; explicitFileType = wrapper.framework; includeInIndex = 0; path = Pods_RecipeFinder.framework; sourceTree = BUILT_PRODUCTS_DIR; };
		FF84B3D5F4AE7517CEE1E9BA /* Pods-RecipeFinder.release.xcconfig */ = {isa = PBXFileReference; includeInIndex = 1; lastKnownFileType = text.xcconfig; name = "Pods-RecipeFinder.release.xcconfig"; path = "Target Support Files/Pods-RecipeFinder/Pods-RecipeFinder.release.xcconfig"; sourceTree = "<group>"; };
/* End PBXFileReference section */

/* Begin PBXFrameworksBuildPhase section */
		1122C5C9258545F8003AAA78 /* Frameworks */ = {
			isa = PBXFrameworksBuildPhase;
			buildActionMask = 2147483647;
			files = (
				720281483D1F8DE845BB48DB /* Pods_RecipeFinder.framework in Frameworks */,
			);
			runOnlyForDeploymentPostprocessing = 0;
		};
/* End PBXFrameworksBuildPhase section */

/* Begin PBXGroup section */
		1122C5C3258545F8003AAA78 = {
			isa = PBXGroup;
			children = (
				1122C5CE258545F8003AAA78 /* RecipeFinder */,
				1122C5CD258545F8003AAA78 /* Products */,
				EB477709C5C2379ADDB025F1 /* Pods */,
				EC514C02A25EACCC34244BC8 /* Frameworks */,
			);
			sourceTree = "<group>";
		};
		1122C5CD258545F8003AAA78 /* Products */ = {
			isa = PBXGroup;
			children = (
				1122C5CC258545F8003AAA78 /* RecipeFinder.app */,
			);
			name = Products;
			sourceTree = "<group>";
		};
		1122C5CE258545F8003AAA78 /* RecipeFinder */ = {
			isa = PBXGroup;
			children = (
				1122C5CF258545F8003AAA78 /* AppDelegate.swift */,
				11A024212585D673003B4F6F /* RecipeIngredients.swift */,
				1122C5D1258545F8003AAA78 /* SceneDelegate.swift */,
				1122C5D3258545F8003AAA78 /* ViewController.swift */,
				1122C5D5258545F8003AAA78 /* Main.storyboard */,
				1174756E258598530054945C /* Message.swift */,
				1174756B258597B10054945C /* MessageCell.swift */,
				11747565258597360054945C /* MessageCell.xib */,
				1122C5D8258545FA003AAA78 /* Assets.xcassets */,
				1122C5DA258545FA003AAA78 /* LaunchScreen.storyboard */,
				1122C5DD258545FA003AAA78 /* Info.plist */,
			);
			path = RecipeFinder;
			sourceTree = "<group>";
		};
		EB477709C5C2379ADDB025F1 /* Pods */ = {
			isa = PBXGroup;
			children = (
				682643BA6B64E172F496349D /* Pods-RecipeFinder.debug.xcconfig */,
				FF84B3D5F4AE7517CEE1E9BA /* Pods-RecipeFinder.release.xcconfig */,
			);
			path = Pods;
			sourceTree = "<group>";
		};
		EC514C02A25EACCC34244BC8 /* Frameworks */ = {
			isa = PBXGroup;
			children = (
				CA27C55B04DFB19260CA8B2C /* Pods_RecipeFinder.framework */,
			);
			name = Frameworks;
			sourceTree = "<group>";
		};
/* End PBXGroup section */

/* Begin PBXNativeTarget section */
		1122C5CB258545F8003AAA78 /* RecipeFinder */ = {
			isa = PBXNativeTarget;
			buildConfigurationList = 1122C5E0258545FA003AAA78 /* Build configuration list for PBXNativeTarget "RecipeFinder" */;
			buildPhases = (
				A0EED7760227C434506720FC /* [CP] Check Pods Manifest.lock */,
				1122C5C8258545F8003AAA78 /* Sources */,
				1122C5C9258545F8003AAA78 /* Frameworks */,
				1122C5CA258545F8003AAA78 /* Resources */,
				60D3C4C31B3E63D820BD4FFB /* [CP] Embed Pods Frameworks */,
			);
			buildRules = (
			);
			dependencies = (
			);
			name = RecipeFinder;
			productName = RecipeFinder;
			productReference = 1122C5CC258545F8003AAA78 /* RecipeFinder.app */;
			productType = "com.apple.product-type.application";
		};
/* End PBXNativeTarget section */

/* Begin PBXProject section */
		1122C5C4258545F8003AAA78 /* Project object */ = {
			isa = PBXProject;
			attributes = {
				LastSwiftUpdateCheck = 1220;
				LastUpgradeCheck = 1220;
				TargetAttributes = {
					1122C5CB258545F8003AAA78 = {
						CreatedOnToolsVersion = 12.2;
					};
				};
			};
			buildConfigurationList = 1122C5C7258545F8003AAA78 /* Build configuration list for PBXProject "RecipeFinder" */;
			compatibilityVersion = "Xcode 9.3";
			developmentRegion = en;
			hasScannedForEncodings = 0;
			knownRegions = (
				en,
				Base,
			);
			mainGroup = 1122C5C3258545F8003AAA78;
			productRefGroup = 1122C5CD258545F8003AAA78 /* Products */;
			projectDirPath = "";
			projectRoot = "";
			targets = (
				1122C5CB258545F8003AAA78 /* RecipeFinder */,
			);
		};
/* End PBXProject section */

/* Begin PBXResourcesBuildPhase section */
		1122C5CA258545F8003AAA78 /* Resources */ = {
			isa = PBXResourcesBuildPhase;
			buildActionMask = 2147483647;
			files = (
				1122C5DC258545FA003AAA78 /* LaunchScreen.storyboard in Resources */,
				11747566258597360054945C /* MessageCell.xib in Resources */,
				1122C5D9258545FA003AAA78 /* Assets.xcassets in Resources */,
				1122C5D7258545F8003AAA78 /* Main.storyboard in Resources */,
			);
			runOnlyForDeploymentPostprocessing = 0;
		};
/* End PBXResourcesBuildPhase section */

/* Begin PBXShellScriptBuildPhase section */
		60D3C4C31B3E63D820BD4FFB /* [CP] Embed Pods Frameworks */ = {
			isa = PBXShellScriptBuildPhase;
			buildActionMask = 2147483647;
			files = (
			);
			inputFileListPaths = (
				"${PODS_ROOT}/Target Support Files/Pods-RecipeFinder/Pods-RecipeFinder-frameworks-${CONFIGURATION}-input-files.xcfilelist",
			);
			name = "[CP] Embed Pods Frameworks";
			outputFileListPaths = (
				"${PODS_ROOT}/Target Support Files/Pods-RecipeFinder/Pods-RecipeFinder-frameworks-${CONFIGURATION}-output-files.xcfilelist",
			);
			runOnlyForDeploymentPostprocessing = 0;
			shellPath = /bin/sh;
			shellScript = "\"${PODS_ROOT}/Target Support Files/Pods-RecipeFinder/Pods-RecipeFinder-frameworks.sh\"\n";
			showEnvVarsInLog = 0;
		};
		A0EED7760227C434506720FC /* [CP] Check Pods Manifest.lock */ = {
			isa = PBXShellScriptBuildPhase;
			buildActionMask = 2147483647;
			files = (
			);
			inputFileListPaths = (
			);
			inputPaths = (
				"${PODS_PODFILE_DIR_PATH}/Podfile.lock",
				"${PODS_ROOT}/Manifest.lock",
			);
			name = "[CP] Check Pods Manifest.lock";
			outputFileListPaths = (
			);
			outputPaths = (
				"$(DERIVED_FILE_DIR)/Pods-RecipeFinder-checkManifestLockResult.txt",
			);
			runOnlyForDeploymentPostprocessing = 0;
			shellPath = /bin/sh;
			shellScript = "diff \"${PODS_PODFILE_DIR_PATH}/Podfile.lock\" \"${PODS_ROOT}/Manifest.lock\" > /dev/null\nif [ $? != 0 ] ; then\n    # print error to STDERR\n    echo \"error: The sandbox is not in sync with the Podfile.lock. Run 'pod install' or update your CocoaPods installation.\" >&2\n    exit 1\nfi\n# This output is used by Xcode 'outputs' to avoid re-running this script phase.\necho \"SUCCESS\" > \"${SCRIPT_OUTPUT_FILE_0}\"\n";
			showEnvVarsInLog = 0;
		};
/* End PBXShellScriptBuildPhase section */

/* Begin PBXSourcesBuildPhase section */
		1122C5C8258545F8003AAA78 /* Sources */ = {
			isa = PBXSourcesBuildPhase;
			buildActionMask = 2147483647;
			files = (
				1122C5D4258545F8003AAA78 /* ViewController.swift in Sources */,
				1174756C258597B10054945C /* MessageCell.swift in Sources */,
				1174756F258598530054945C /* Message.swift in Sources */,
				1122C5D0258545F8003AAA78 /* AppDelegate.swift in Sources */,
				11A024222585D673003B4F6F /* RecipeIngredients.swift in Sources */,
				1122C5D2258545F8003AAA78 /* SceneDelegate.swift in Sources */,
			);
			runOnlyForDeploymentPostprocessing = 0;
		};
/* End PBXSourcesBuildPhase section */

/* Begin PBXVariantGroup section */
		1122C5D5258545F8003AAA78 /* Main.storyboard */ = {
			isa = PBXVariantGroup;
			children = (
				1122C5D6258545F8003AAA78 /* Base */,
			);
			name = Main.storyboard;
			sourceTree = "<group>";
		};
		1122C5DA258545FA003AAA78 /* LaunchScreen.storyboard */ = {
			isa = PBXVariantGroup;
			children = (
				1122C5DB258545FA003AAA78 /* Base */,
			);
			name = LaunchScreen.storyboard;
			sourceTree = "<group>";
		};
/* End PBXVariantGroup section */

/* Begin XCBuildConfiguration section */
		1122C5DE258545FA003AAA78 /* Debug */ = {
			isa = XCBuildConfiguration;
			buildSettings = {
				ALWAYS_SEARCH_USER_PATHS = NO;
				CLANG_ANALYZER_NONNULL = YES;
				CLANG_ANALYZER_NUMBER_OBJECT_CONVERSION = YES_AGGRESSIVE;
				CLANG_CXX_LANGUAGE_STANDARD = "gnu++14";
				CLANG_CXX_LIBRARY = "libc++";
				CLANG_ENABLE_MODULES = YES;
				CLANG_ENABLE_OBJC_ARC = YES;
				CLANG_ENABLE_OBJC_WEAK = YES;
				CLANG_WARN_BLOCK_CAPTURE_AUTORELEASING = YES;
				CLANG_WARN_BOOL_CONVERSION = YES;
				CLANG_WARN_COMMA = YES;
				CLANG_WARN_CONSTANT_CONVERSION = YES;
				CLANG_WARN_DEPRECATED_OBJC_IMPLEMENTATIONS = YES;
				CLANG_WARN_DIRECT_OBJC_ISA_USAGE = YES_ERROR;
				CLANG_WARN_DOCUMENTATION_COMMENTS = YES;
				CLANG_WARN_EMPTY_BODY = YES;
				CLANG_WARN_ENUM_CONVERSION = YES;
				CLANG_WARN_INFINITE_RECURSION = YES;
				CLANG_WARN_INT_CONVERSION = YES;
				CLANG_WARN_NON_LITERAL_NULL_CONVERSION = YES;
				CLANG_WARN_OBJC_IMPLICIT_RETAIN_SELF = YES;
				CLANG_WARN_OBJC_LITERAL_CONVERSION = YES;
				CLANG_WARN_OBJC_ROOT_CLASS = YES_ERROR;
				CLANG_WARN_QUOTED_INCLUDE_IN_FRAMEWORK_HEADER = YES;
				CLANG_WARN_RANGE_LOOP_ANALYSIS = YES;
				CLANG_WARN_STRICT_PROTOTYPES = YES;
				CLANG_WARN_SUSPICIOUS_MOVE = YES;
				CLANG_WARN_UNGUARDED_AVAILABILITY = YES_AGGRESSIVE;
				CLANG_WARN_UNREACHABLE_CODE = YES;
				CLANG_WARN__DUPLICATE_METHOD_MATCH = YES;
				COPY_PHASE_STRIP = NO;
				DEBUG_INFORMATION_FORMAT = dwarf;
				ENABLE_STRICT_OBJC_MSGSEND = YES;
				ENABLE_TESTABILITY = YES;
				GCC_C_LANGUAGE_STANDARD = gnu11;
				GCC_DYNAMIC_NO_PIC = NO;
				GCC_NO_COMMON_BLOCKS = YES;
				GCC_OPTIMIZATION_LEVEL = 0;
				GCC_PREPROCESSOR_DEFINITIONS = (
					"DEBUG=1",
					"$(inherited)",
				);
				GCC_WARN_64_TO_32_BIT_CONVERSION = YES;
				GCC_WARN_ABOUT_RETURN_TYPE = YES_ERROR;
				GCC_WARN_UNDECLARED_SELECTOR = YES;
				GCC_WARN_UNINITIALIZED_AUTOS = YES_AGGRESSIVE;
				GCC_WARN_UNUSED_FUNCTION = YES;
				GCC_WARN_UNUSED_VARIABLE = YES;
				IPHONEOS_DEPLOYMENT_TARGET = 14.2;
				MTL_ENABLE_DEBUG_INFO = INCLUDE_SOURCE;
				MTL_FAST_MATH = YES;
				ONLY_ACTIVE_ARCH = YES;
				SDKROOT = iphoneos;
				SWIFT_ACTIVE_COMPILATION_CONDITIONS = DEBUG;
				SWIFT_OPTIMIZATION_LEVEL = "-Onone";
			};
			name = Debug;
		};
		1122C5DF258545FA003AAA78 /* Release */ = {
			isa = XCBuildConfiguration;
			buildSettings = {
				ALWAYS_SEARCH_USER_PATHS = NO;
				CLANG_ANALYZER_NONNULL = YES;
				CLANG_ANALYZER_NUMBER_OBJECT_CONVERSION = YES_AGGRESSIVE;
				CLANG_CXX_LANGUAGE_STANDARD = "gnu++14";
				CLANG_CXX_LIBRARY = "libc++";
				CLANG_ENABLE_MODULES = YES;
				CLANG_ENABLE_OBJC_ARC = YES;
				CLANG_ENABLE_OBJC_WEAK = YES;
				CLANG_WARN_BLOCK_CAPTURE_AUTORELEASING = YES;
				CLANG_WARN_BOOL_CONVERSION = YES;
				CLANG_WARN_COMMA = YES;
				CLANG_WARN_CONSTANT_CONVERSION = YES;
				CLANG_WARN_DEPRECATED_OBJC_IMPLEMENTATIONS = YES;
				CLANG_WARN_DIRECT_OBJC_ISA_USAGE = YES_ERROR;
				CLANG_WARN_DOCUMENTATION_COMMENTS = YES;
				CLANG_WARN_EMPTY_BODY = YES;
				CLANG_WARN_ENUM_CONVERSION = YES;
				CLANG_WARN_INFINITE_RECURSION = YES;
				CLANG_WARN_INT_CONVERSION = YES;
				CLANG_WARN_NON_LITERAL_NULL_CONVERSION = YES;
				CLANG_WARN_OBJC_IMPLICIT_RETAIN_SELF = YES;
				CLANG_WARN_OBJC_LITERAL_CONVERSION = YES;
				CLANG_WARN_OBJC_ROOT_CLASS = YES_ERROR;
				CLANG_WARN_QUOTED_INCLUDE_IN_FRAMEWORK_HEADER = YES;
				CLANG_WARN_RANGE_LOOP_ANALYSIS = YES;
				CLANG_WARN_STRICT_PROTOTYPES = YES;
				CLANG_WARN_SUSPICIOUS_MOVE = YES;
				CLANG_WARN_UNGUARDED_AVAILABILITY = YES_AGGRESSIVE;
				CLANG_WARN_UNREACHABLE_CODE = YES;
				CLANG_WARN__DUPLICATE_METHOD_MATCH = YES;
				COPY_PHASE_STRIP = NO;
				DEBUG_INFORMATION_FORMAT = "dwarf-with-dsym";
				ENABLE_NS_ASSERTIONS = NO;
				ENABLE_STRICT_OBJC_MSGSEND = YES;
				GCC_C_LANGUAGE_STANDARD = gnu11;
				GCC_NO_COMMON_BLOCKS = YES;
				GCC_WARN_64_TO_32_BIT_CONVERSION = YES;
				GCC_WARN_ABOUT_RETURN_TYPE = YES_ERROR;
				GCC_WARN_UNDECLARED_SELECTOR = YES;
				GCC_WARN_UNINITIALIZED_AUTOS = YES_AGGRESSIVE;
				GCC_WARN_UNUSED_FUNCTION = YES;
				GCC_WARN_UNUSED_VARIABLE = YES;
				IPHONEOS_DEPLOYMENT_TARGET = 14.2;
				MTL_ENABLE_DEBUG_INFO = NO;
				MTL_FAST_MATH = YES;
				SDKROOT = iphoneos;
				SWIFT_COMPILATION_MODE = wholemodule;
				SWIFT_OPTIMIZATION_LEVEL = "-O";
				VALIDATE_PRODUCT = YES;
			};
			name = Release;
		};
		1122C5E1258545FA003AAA78 /* Debug */ = {
			isa = XCBuildConfiguration;
			baseConfigurationReference = 682643BA6B64E172F496349D /* Pods-RecipeFinder.debug.xcconfig */;
			buildSettings = {
				ASSETCATALOG_COMPILER_APPICON_NAME = AppIcon;
				ASSETCATALOG_COMPILER_GLOBAL_ACCENT_COLOR_NAME = AccentColor;
				CODE_SIGN_STYLE = Automatic;
				DEVELOPMENT_TEAM = 325AF3QYFG;
				INFOPLIST_FILE = RecipeFinder/Info.plist;
				LD_RUNPATH_SEARCH_PATHS = (
					"$(inherited)",
					"@executable_path/Frameworks",
				);
				PRODUCT_BUNDLE_IDENTIFIER = com.andykotz.RecipeFinder;
				PRODUCT_NAME = "$(TARGET_NAME)";
				SWIFT_VERSION = 5.0;
				TARGETED_DEVICE_FAMILY = "1,2";
			};
			name = Debug;
		};
		1122C5E2258545FA003AAA78 /* Release */ = {
			isa = XCBuildConfiguration;
			baseConfigurationReference = FF84B3D5F4AE7517CEE1E9BA /* Pods-RecipeFinder.release.xcconfig */;
			buildSettings = {
				ASSETCATALOG_COMPILER_APPICON_NAME = AppIcon;
				ASSETCATALOG_COMPILER_GLOBAL_ACCENT_COLOR_NAME = AccentColor;
				CODE_SIGN_STYLE = Automatic;
				DEVELOPMENT_TEAM = 325AF3QYFG;
				INFOPLIST_FILE = RecipeFinder/Info.plist;
				LD_RUNPATH_SEARCH_PATHS = (
					"$(inherited)",
					"@executable_path/Frameworks",
				);
				PRODUCT_BUNDLE_IDENTIFIER = com.andykotz.RecipeFinder;
				PRODUCT_NAME = "$(TARGET_NAME)";
				SWIFT_VERSION = 5.0;
				TARGETED_DEVICE_FAMILY = "1,2";
			};
			name = Release;
		};
/* End XCBuildConfiguration section */

/* Begin XCConfigurationList section */
		1122C5C7258545F8003AAA78 /* Build configuration list for PBXProject "RecipeFinder" */ = {
			isa = XCConfigurationList;
			buildConfigurations = (
				1122C5DE258545FA003AAA78 /* Debug */,
				1122C5DF258545FA003AAA78 /* Release */,
			);
			defaultConfigurationIsVisible = 0;
			defaultConfigurationName = Release;
		};
		1122C5E0258545FA003AAA78 /* Build configuration list for PBXNativeTarget "RecipeFinder" */ = {
			isa = XCConfigurationList;
			buildConfigurations = (
				1122C5E1258545FA003AAA78 /* Debug */,
				1122C5E2258545FA003AAA78 /* Release */,
			);
			defaultConfigurationIsVisible = 0;
			defaultConfigurationName = Release;
		};
/* End XCConfigurationList section */
	};
	rootObject = 1122C5C4258545F8003AAA78 /* Project object */;
}
